
Microsoft Visual Studio Solution File, Format Version 12.00
# Visual Studio Version 17
VisualStudioVersion = 17.14.36310.24 d17.14
MinimumVisualStudioVersion = 10.0.40219.1
Project("{FAE04EC0-301F-11D3-BF4B-00C04F79EFBC}") = "KalkulatorWPF", "KalkulatorWPF\KalkulatorWPF.csproj", "{875E7F03-5226-49D0-B935-16E0332A12D7}"
EndProject
Global
	GlobalSection(SolutionConfigurationPlatforms) = preSolution
		Debug|Any CPU = Debug|Any CPU
		Release|Any CPU = Release|Any CPU
	EndGlobalSection
	GlobalSection(ProjectConfigurationPlatforms) = postSolution
		{875E7F03-5226-49D0-B935-16E0332A12D7}.Debug|Any CPU.ActiveCfg = Debug|Any CPU
		{875E7F03-5226-49D0-B935-16E0332A12D7}.Debug|Any CPU.Build.0 = Debug|Any CPU
		{875E7F03-5226-49D0-B935-16E0332A12D7}.Release|Any CPU.ActiveCfg = Release|Any CPU
		{875E7F03-5226-49D0-B935-16E0332A12D7}.Release|Any CPU.Build.0 = Release|Any CPU
	EndGlobalSection
	GlobalSection(SolutionProperties) = preSolution
		HideSolutionNode = FALSE
	EndGlobalSection
	GlobalSection(ExtensibilityGlobals) = postSolution
		SolutionGuid = {B7D081F1-C680-4A94-963C-FE770C50A5EB}
	EndGlobalSection
EndGlobal
